
Microsoft Visual Studio Solution File, Format Version 12.00
# Visual Studio Version 17
VisualStudioVersion = 17.10.35013.160
MinimumVisualStudioVersion = 10.0.40219.1
Project("{FAE04EC0-301F-11D3-BF4B-00C04F79EFBC}") = "Test", "Test.csproj", "{CBDBD948-F689-4334-A246-B16CEC4ABDA1}"
EndProject
Global
	GlobalSection(SolutionConfigurationPlatforms) = preSolution
		Debug|Any CPU = Debug|Any CPU
		Release|Any CPU = Release|Any CPU
	EndGlobalSection
	GlobalSection(ProjectConfigurationPlatforms) = postSolution
		{CBDBD948-F689-4334-A246-B16CEC4ABDA1}.Debug|Any CPU.ActiveCfg = Debug|Any CPU
		{CBDBD948-F689-4334-A246-B16CEC4ABDA1}.Debug|Any CPU.Build.0 = Debug|Any CPU
		{CBDBD948-F689-4334-A246-B16CEC4ABDA1}.Release|Any CPU.ActiveCfg = Release|Any CPU
		{CBDBD948-F689-4334-A246-B16CEC4ABDA1}.Release|Any CPU.Build.0 = Release|Any CPU
	EndGlobalSection
	GlobalSection(SolutionProperties) = preSolution
		HideSolutionNode = FALSE
	EndGlobalSection
	GlobalSection(ExtensibilityGlobals) = postSolution
		SolutionGuid = {B181CDD0-E33E-468F-AC39-13DBEA85993F}
	EndGlobalSection
EndGlobal
